// !$*UTF8*$!
{
	archiveVersion = 1;
	classes = {
	};
	objectVersion = 51;
	objects = {

/* Begin PBXBuildFile section */
		394F3A5AE1375E1154AB7860 /* Pods_iOSTests.framework in Frameworks */ = {isa = PBXBuildFile; fileRef = 294053B7F727C27E32E5C0B2 /* Pods_iOSTests.framework */; };
		5688E4420D3803A009E328F2 /* Pods_iOS.framework in Frameworks */ = {isa = PBXBuildFile; fileRef = 7950B43988CAE0D31792B5C6 /* Pods_iOS.framework */; };
		D7878D971E00874B004603BC /* Assets.xcassets in Resources */ = {isa = PBXBuildFile; fileRef = D7878D901E00874B004603BC /* Assets.xcassets */; };
		D7878D981E00874B004603BC /* LaunchScreen.storyboard in Resources */ = {isa = PBXBuildFile; fileRef = D7878D911E00874B004603BC /* LaunchScreen.storyboard */; };
		D7878D991E00874B004603BC /* Main.storyboard in Resources */ = {isa = PBXBuildFile; fileRef = D7878D931E00874B004603BC /* Main.storyboard */; };
		D7878D9A1E00874B004603BC /* ViewController.swift in Sources */ = {isa = PBXBuildFile; fileRef = D7878D961E00874B004603BC /* ViewController.swift */; };
		D7FF07B01DFF14940079AC04 /* AppDelegate.swift in Sources */ = {isa = PBXBuildFile; fileRef = D7FF07AF1DFF14940079AC04 /* AppDelegate.swift */; };
		D7FF07D01DFF14B70079AC04 /* WeakifiableSpec.swift in Sources */ = {isa = PBXBuildFile; fileRef = D7FF07CF1DFF14B70079AC04 /* WeakifiableSpec.swift */; };
/* End PBXBuildFile section */

/* Begin PBXContainerItemProxy section */
		D7FF07C11DFF14950079AC04 /* PBXContainerItemProxy */ = {
			isa = PBXContainerItemProxy;
			containerPortal = D7FF07A41DFF14940079AC04 /* Project object */;
			proxyType = 1;
			remoteGlobalIDString = D7FF07AB1DFF14940079AC04;
			remoteInfo = iOS;
		};
/* End PBXContainerItemProxy section */

/* Begin PBXFileReference section */
		294053B7F727C27E32E5C0B2 /* Pods_iOSTests.framework */ = {isa = PBXFileReference; explicitFileType = wrapper.framework; includeInIndex = 0; path = Pods_iOSTests.framework; sourceTree = BUILT_PRODUCTS_DIR; };
		36CF89A4CA713C6D465F28AD /* Pods-iOSTests.release.xcconfig */ = {isa = PBXFileReference; includeInIndex = 1; lastKnownFileType = text.xcconfig; name = "Pods-iOSTests.release.xcconfig"; path = "Pods/Target Support Files/Pods-iOSTests/Pods-iOSTests.release.xcconfig"; sourceTree = "<group>"; };
		652608F85F75B6B35D3FD689 /* Pods-iOS.release.xcconfig */ = {isa = PBXFileReference; includeInIndex = 1; lastKnownFileType = text.xcconfig; name = "Pods-iOS.release.xcconfig"; path = "Pods/Target Support Files/Pods-iOS/Pods-iOS.release.xcconfig"; sourceTree = "<group>"; };
		7331BFEE7DBAAB7B2D33397D /* Pods-iOS.debug.xcconfig */ = {isa = PBXFileReference; includeInIndex = 1; lastKnownFileType = text.xcconfig; name = "Pods-iOS.debug.xcconfig"; path = "Pods/Target Support Files/Pods-iOS/Pods-iOS.debug.xcconfig"; sourceTree = "<group>"; };
		7950B43988CAE0D31792B5C6 /* Pods_iOS.framework */ = {isa = PBXFileReference; explicitFileType = wrapper.framework; includeInIndex = 0; path = Pods_iOS.framework; sourceTree = BUILT_PRODUCTS_DIR; };
		BACD3C853B482DA88095938E /* Pods-iOSTests.debug.xcconfig */ = {isa = PBXFileReference; includeInIndex = 1; lastKnownFileType = text.xcconfig; name = "Pods-iOSTests.debug.xcconfig"; path = "Pods/Target Support Files/Pods-iOSTests/Pods-iOSTests.debug.xcconfig"; sourceTree = "<group>"; };
		D7878D901E00874B004603BC /* Assets.xcassets */ = {isa = PBXFileReference; lastKnownFileType = folder.assetcatalog; path = Assets.xcassets; sourceTree = "<group>"; };
		D7878D921E00874B004603BC /* Base */ = {isa = PBXFileReference; lastKnownFileType = file.storyboard; name = Base; path = Base.lproj/LaunchScreen.storyboard; sourceTree = "<group>"; };
		D7878D941E00874B004603BC /* Base */ = {isa = PBXFileReference; lastKnownFileType = file.storyboard; name = Base; path = Base.lproj/Main.storyboard; sourceTree = "<group>"; };
		D7878D961E00874B004603BC /* ViewController.swift */ = {isa = PBXFileReference; fileEncoding = 4; lastKnownFileType = sourcecode.swift; path = ViewController.swift; sourceTree = "<group>"; };
		D7FF07AC1DFF14940079AC04 /* iOS.app */ = {isa = PBXFileReference; explicitFileType = wrapper.application; includeInIndex = 0; path = iOS.app; sourceTree = BUILT_PRODUCTS_DIR; };
		D7FF07AF1DFF14940079AC04 /* AppDelegate.swift */ = {isa = PBXFileReference; lastKnownFileType = sourcecode.swift; path = AppDelegate.swift; sourceTree = "<group>"; };
		D7FF07BB1DFF14940079AC04 /* Info.plist */ = {isa = PBXFileReference; lastKnownFileType = text.plist.xml; path = Info.plist; sourceTree = "<group>"; };
		D7FF07C01DFF14950079AC04 /* iOSTests.xctest */ = {isa = PBXFileReference; explicitFileType = wrapper.cfbundle; includeInIndex = 0; path = iOSTests.xctest; sourceTree = BUILT_PRODUCTS_DIR; };
		D7FF07C61DFF14950079AC04 /* Info.plist */ = {isa = PBXFileReference; lastKnownFileType = text.plist.xml; path = Info.plist; sourceTree = "<group>"; };
		D7FF07CF1DFF14B70079AC04 /* WeakifiableSpec.swift */ = {isa = PBXFileReference; fileEncoding = 4; lastKnownFileType = sourcecode.swift; path = WeakifiableSpec.swift; sourceTree = "<group>"; };
/* End PBXFileReference section */

/* Begin PBXFrameworksBuildPhase section */
		D7FF07A91DFF14940079AC04 /* Frameworks */ = {
			isa = PBXFrameworksBuildPhase;
			buildActionMask = 2147483647;
			files = (
				5688E4420D3803A009E328F2 /* Pods_iOS.framework in Frameworks */,
			);
			runOnlyForDeploymentPostprocessing = 0;
		};
		D7FF07BD1DFF14950079AC04 /* Frameworks */ = {
			isa = PBXFrameworksBuildPhase;
			buildActionMask = 2147483647;
			files = (
				394F3A5AE1375E1154AB7860 /* Pods_iOSTests.framework in Frameworks */,
			);
			runOnlyForDeploymentPostprocessing = 0;
		};
/* End PBXFrameworksBuildPhase section */

/* Begin PBXGroup section */
		2220D05CAC1A6F05C3D18784 /* Pods */ = {
			isa = PBXGroup;
			children = (
				7331BFEE7DBAAB7B2D33397D /* Pods-iOS.debug.xcconfig */,
				652608F85F75B6B35D3FD689 /* Pods-iOS.release.xcconfig */,
				BACD3C853B482DA88095938E /* Pods-iOSTests.debug.xcconfig */,
				36CF89A4CA713C6D465F28AD /* Pods-iOSTests.release.xcconfig */,
			);
			name = Pods;
			sourceTree = "<group>";
		};
		CD32EB9858E9B8C7146DAE84 /* Frameworks */ = {
			isa = PBXGroup;
			children = (
				7950B43988CAE0D31792B5C6 /* Pods_iOS.framework */,
				294053B7F727C27E32E5C0B2 /* Pods_iOSTests.framework */,
			);
			name = Frameworks;
			sourceTree = "<group>";
		};
		D7878D8F1E00874B004603BC /* Resources */ = {
			isa = PBXGroup;
			children = (
				D7878D901E00874B004603BC /* Assets.xcassets */,
				D7878D911E00874B004603BC /* LaunchScreen.storyboard */,
				D7878D931E00874B004603BC /* Main.storyboard */,
			);
			path = Resources;
			sourceTree = "<group>";
		};
		D7878D951E00874B004603BC /* Source */ = {
			isa = PBXGroup;
			children = (
				D7878D961E00874B004603BC /* ViewController.swift */,
			);
			path = Source;
			sourceTree = "<group>";
		};
		D7FF07A31DFF14940079AC04 = {
			isa = PBXGroup;
			children = (
				D7878D8F1E00874B004603BC /* Resources */,
				D7878D951E00874B004603BC /* Source */,
				D7FF07AE1DFF14940079AC04 /* iOS */,
				D7FF07C31DFF14950079AC04 /* iOSTests */,
				D7FF07AD1DFF14940079AC04 /* Products */,
				2220D05CAC1A6F05C3D18784 /* Pods */,
				CD32EB9858E9B8C7146DAE84 /* Frameworks */,
			);
			sourceTree = "<group>";
		};
		D7FF07AD1DFF14940079AC04 /* Products */ = {
			isa = PBXGroup;
			children = (
				D7FF07AC1DFF14940079AC04 /* iOS.app */,
				D7FF07C01DFF14950079AC04 /* iOSTests.xctest */,
			);
			name = Products;
			sourceTree = "<group>";
		};
		D7FF07AE1DFF14940079AC04 /* iOS */ = {
			isa = PBXGroup;
			children = (
				D7FF07AF1DFF14940079AC04 /* AppDelegate.swift */,
				D7FF07BB1DFF14940079AC04 /* Info.plist */,
			);
			path = iOS;
			sourceTree = "<group>";
		};
		D7FF07C31DFF14950079AC04 /* iOSTests */ = {
			isa = PBXGroup;
			children = (
				D7FF07CF1DFF14B70079AC04 /* WeakifiableSpec.swift */,
				D7FF07C61DFF14950079AC04 /* Info.plist */,
			);
			path = iOSTests;
			sourceTree = "<group>";
		};
/* End PBXGroup section */

/* Begin PBXNativeTarget section */
		D7FF07AB1DFF14940079AC04 /* iOS */ = {
			isa = PBXNativeTarget;
			buildConfigurationList = D7FF07C91DFF14950079AC04 /* Build configuration list for PBXNativeTarget "iOS" */;
			buildPhases = (
				A3A4E73BAD869AC28B02FFDC /* [CP] Check Pods Manifest.lock */,
				D7FF07A81DFF14940079AC04 /* Sources */,
				D7FF07A91DFF14940079AC04 /* Frameworks */,
				D7FF07AA1DFF14940079AC04 /* Resources */,
				02E115535B5F43590643923D /* [CP] Embed Pods Frameworks */,
			);
			buildRules = (
			);
			dependencies = (
			);
			name = iOS;
			productName = iOS;
			productReference = D7FF07AC1DFF14940079AC04 /* iOS.app */;
			productType = "com.apple.product-type.application";
		};
		D7FF07BF1DFF14950079AC04 /* iOSTests */ = {
			isa = PBXNativeTarget;
			buildConfigurationList = D7FF07CC1DFF14950079AC04 /* Build configuration list for PBXNativeTarget "iOSTests" */;
			buildPhases = (
				0B2FC5619D261FFC692CAEA2 /* [CP] Check Pods Manifest.lock */,
				D7FF07BC1DFF14950079AC04 /* Sources */,
				D7FF07BD1DFF14950079AC04 /* Frameworks */,
				D7FF07BE1DFF14950079AC04 /* Resources */,
				F2A1B12CB2009EA94C46CDBA /* [CP] Embed Pods Frameworks */,
			);
			buildRules = (
			);
			dependencies = (
				D7FF07C21DFF14950079AC04 /* PBXTargetDependency */,
			);
			name = iOSTests;
			productName = iOSTests;
			productReference = D7FF07C01DFF14950079AC04 /* iOSTests.xctest */;
			productType = "com.apple.product-type.bundle.unit-test";
		};
/* End PBXNativeTarget section */

/* Begin PBXProject section */
		D7FF07A41DFF14940079AC04 /* Project object */ = {
			isa = PBXProject;
			attributes = {
				LastSwiftUpdateCheck = 0810;
				LastUpgradeCheck = 1000;
				ORGANIZATIONNAME = "Oleksa 'trimm' Korin";
				TargetAttributes = {
					D7FF07AB1DFF14940079AC04 = {
						CreatedOnToolsVersion = 8.1;
						ProvisioningStyle = Automatic;
					};
					D7FF07BF1DFF14950079AC04 = {
						CreatedOnToolsVersion = 8.1;
						LastSwiftMigration = 0810;
						ProvisioningStyle = Automatic;
						TestTargetID = D7FF07AB1DFF14940079AC04;
					};
				};
			};
			buildConfigurationList = D7FF07A71DFF14940079AC04 /* Build configuration list for PBXProject "iOS" */;
			compatibilityVersion = "Xcode 10.0";
			developmentRegion = English;
			hasScannedForEncodings = 0;
			knownRegions = (
				en,
				Base,
			);
			mainGroup = D7FF07A31DFF14940079AC04;
			productRefGroup = D7FF07AD1DFF14940079AC04 /* Products */;
			projectDirPath = "";
			projectRoot = "";
			targets = (
				D7FF07AB1DFF14940079AC04 /* iOS */,
				D7FF07BF1DFF14950079AC04 /* iOSTests */,
			);
		};
/* End PBXProject section */

/* Begin PBXResourcesBuildPhase section */
		D7FF07AA1DFF14940079AC04 /* Resources */ = {
			isa = PBXResourcesBuildPhase;
			buildActionMask = 2147483647;
			files = (
				D7878D991E00874B004603BC /* Main.storyboard in Resources */,
				D7878D971E00874B004603BC /* Assets.xcassets in Resources */,
				D7878D981E00874B004603BC /* LaunchScreen.storyboard in Resources */,
			);
			runOnlyForDeploymentPostprocessing = 0;
		};
		D7FF07BE1DFF14950079AC04 /* Resources */ = {
			isa = PBXResourcesBuildPhase;
			buildActionMask = 2147483647;
			files = (
			);
			runOnlyForDeploymentPostprocessing = 0;
		};
/* End PBXResourcesBuildPhase section */

/* Begin PBXShellScriptBuildPhase section */
		02E115535B5F43590643923D /* [CP] Embed Pods Frameworks */ = {
			isa = PBXShellScriptBuildPhase;
			buildActionMask = 2147483647;
			files = (
			);
			inputFileListPaths = (
			);
			inputPaths = (
				"${SRCROOT}/Pods/Target Support Files/Pods-iOS/Pods-iOS-frameworks.sh",
				"${BUILT_PRODUCTS_DIR}/IDPTypes/IDPTypes.framework",
			);
			name = "[CP] Embed Pods Frameworks";
			outputFileListPaths = (
			);
			outputPaths = (
				"${TARGET_BUILD_DIR}/${FRAMEWORKS_FOLDER_PATH}/IDPTypes.framework",
			);
			runOnlyForDeploymentPostprocessing = 0;
			shellPath = /bin/sh;
			shellScript = "\"${SRCROOT}/Pods/Target Support Files/Pods-iOS/Pods-iOS-frameworks.sh\"\n";
			showEnvVarsInLog = 0;
		};
		0B2FC5619D261FFC692CAEA2 /* [CP] Check Pods Manifest.lock */ = {
			isa = PBXShellScriptBuildPhase;
			buildActionMask = 2147483647;
			files = (
			);
			inputFileListPaths = (
			);
			inputPaths = (
				"${PODS_PODFILE_DIR_PATH}/Podfile.lock",
				"${PODS_ROOT}/Manifest.lock",
			);
			name = "[CP] Check Pods Manifest.lock";
			outputFileListPaths = (
			);
			outputPaths = (
				"$(DERIVED_FILE_DIR)/Pods-iOSTests-checkManifestLockResult.txt",
			);
			runOnlyForDeploymentPostprocessing = 0;
			shellPath = /bin/sh;
			shellScript = "diff \"${PODS_PODFILE_DIR_PATH}/Podfile.lock\" \"${PODS_ROOT}/Manifest.lock\" > /dev/null\nif [ $? != 0 ] ; then\n    # print error to STDERR\n    echo \"error: The sandbox is not in sync with the Podfile.lock. Run 'pod install' or update your CocoaPods installation.\" >&2\n    exit 1\nfi\n# This output is used by Xcode 'outputs' to avoid re-running this script phase.\necho \"SUCCESS\" > \"${SCRIPT_OUTPUT_FILE_0}\"\n";
			showEnvVarsInLog = 0;
		};
		A3A4E73BAD869AC28B02FFDC /* [CP] Check Pods Manifest.lock */ = {
			isa = PBXShellScriptBuildPhase;
			buildActionMask = 2147483647;
			files = (
			);
			inputFileListPaths = (
			);
			inputPaths = (
				"${PODS_PODFILE_DIR_PATH}/Podfile.lock",
				"${PODS_ROOT}/Manifest.lock",
			);
			name = "[CP] Check Pods Manifest.lock";
			outputFileListPaths = (
			);
			outputPaths = (
				"$(DERIVED_FILE_DIR)/Pods-iOS-checkManifestLockResult.txt",
			);
			runOnlyForDeploymentPostprocessing = 0;
			shellPath = /bin/sh;
			shellScript = "diff \"${PODS_PODFILE_DIR_PATH}/Podfile.lock\" \"${PODS_ROOT}/Manifest.lock\" > /dev/null\nif [ $? != 0 ] ; then\n    # print error to STDERR\n    echo \"error: The sandbox is not in sync with the Podfile.lock. Run 'pod install' or update your CocoaPods installation.\" >&2\n    exit 1\nfi\n# This output is used by Xcode 'outputs' to avoid re-running this script phase.\necho \"SUCCESS\" > \"${SCRIPT_OUTPUT_FILE_0}\"\n";
			showEnvVarsInLog = 0;
		};
		F2A1B12CB2009EA94C46CDBA /* [CP] Embed Pods Frameworks */ = {
			isa = PBXShellScriptBuildPhase;
			buildActionMask = 2147483647;
			files = (
			);
			inputFileListPaths = (
			);
			inputPaths = (
				"${SRCROOT}/Pods/Target Support Files/Pods-iOSTests/Pods-iOSTests-frameworks.sh",
				"${BUILT_PRODUCTS_DIR}/IDPTypes/IDPTypes.framework",
				"${BUILT_PRODUCTS_DIR}/Nimble/Nimble.framework",
				"${BUILT_PRODUCTS_DIR}/Quick/Quick.framework",
			);
			name = "[CP] Embed Pods Frameworks";
			outputFileListPaths = (
			);
			outputPaths = (
				"${TARGET_BUILD_DIR}/${FRAMEWORKS_FOLDER_PATH}/IDPTypes.framework",
				"${TARGET_BUILD_DIR}/${FRAMEWORKS_FOLDER_PATH}/Nimble.framework",
				"${TARGET_BUILD_DIR}/${FRAMEWORKS_FOLDER_PATH}/Quick.framework",
			);
			runOnlyForDeploymentPostprocessing = 0;
			shellPath = /bin/sh;
			shellScript = "\"${SRCROOT}/Pods/Target Support Files/Pods-iOSTests/Pods-iOSTests-frameworks.sh\"\n";
			showEnvVarsInLog = 0;
		};
/* End PBXShellScriptBuildPhase section */

/* Begin PBXSourcesBuildPhase section */
		D7FF07A81DFF14940079AC04 /* Sources */ = {
			isa = PBXSourcesBuildPhase;
			buildActionMask = 2147483647;
			files = (
				D7878D9A1E00874B004603BC /* ViewController.swift in Sources */,
				D7FF07B01DFF14940079AC04 /* AppDelegate.swift in Sources */,
			);
			runOnlyForDeploymentPostprocessing = 0;
		};
		D7FF07BC1DFF14950079AC04 /* Sources */ = {
			isa = PBXSourcesBuildPhase;
			buildActionMask = 2147483647;
			files = (
				D7FF07D01DFF14B70079AC04 /* WeakifiableSpec.swift in Sources */,
			);
			runOnlyForDeploymentPostprocessing = 0;
		};
/* End PBXSourcesBuildPhase section */

/* Begin PBXTargetDependency section */
		D7FF07C21DFF14950079AC04 /* PBXTargetDependency */ = {
			isa = PBXTargetDependency;
			target = D7FF07AB1DFF14940079AC04 /* iOS */;
			targetProxy = D7FF07C11DFF14950079AC04 /* PBXContainerItemProxy */;
		};
/* End PBXTargetDependency section */

/* Begin PBXVariantGroup section */
		D7878D911E00874B004603BC /* LaunchScreen.storyboard */ = {
			isa = PBXVariantGroup;
			children = (
				D7878D921E00874B004603BC /* Base */,
			);
			name = LaunchScreen.storyboard;
			sourceTree = "<group>";
		};
		D7878D931E00874B004603BC /* Main.storyboard */ = {
			isa = PBXVariantGroup;
			children = (
				D7878D941E00874B004603BC /* Base */,
			);
			name = Main.storyboard;
			sourceTree = "<group>";
		};
/* End PBXVariantGroup section */

/* Begin XCBuildConfiguration section */
		D7FF07C71DFF14950079AC04 /* Debug */ = {
			isa = XCBuildConfiguration;
			buildSettings = {
				ALWAYS_SEARCH_USER_PATHS = NO;
				CLANG_ANALYZER_NONNULL = YES;
				CLANG_CXX_LANGUAGE_STANDARD = "gnu++0x";
				CLANG_CXX_LIBRARY = "libc++";
				CLANG_ENABLE_MODULES = YES;
				CLANG_ENABLE_OBJC_ARC = YES;
				CLANG_WARN_BLOCK_CAPTURE_AUTORELEASING = YES;
				CLANG_WARN_BOOL_CONVERSION = YES;
				CLANG_WARN_COMMA = YES;
				CLANG_WARN_CONSTANT_CONVERSION = YES;
				CLANG_WARN_DEPRECATED_OBJC_IMPLEMENTATIONS = YES;
				CLANG_WARN_DIRECT_OBJC_ISA_USAGE = YES_ERROR;
				CLANG_WARN_DOCUMENTATION_COMMENTS = YES;
				CLANG_WARN_EMPTY_BODY = YES;
				CLANG_WARN_ENUM_CONVERSION = YES;
				CLANG_WARN_INFINITE_RECURSION = YES;
				CLANG_WARN_INT_CONVERSION = YES;
				CLANG_WARN_NON_LITERAL_NULL_CONVERSION = YES;
				CLANG_WARN_OBJC_IMPLICIT_RETAIN_SELF = YES;
				CLANG_WARN_OBJC_LITERAL_CONVERSION = YES;
				CLANG_WARN_OBJC_ROOT_CLASS = YES_ERROR;
				CLANG_WARN_RANGE_LOOP_ANALYSIS = YES;
				CLANG_WARN_STRICT_PROTOTYPES = YES;
				CLANG_WARN_SUSPICIOUS_MOVE = YES;
				CLANG_WARN_SUSPICIOUS_MOVES = YES;
				CLANG_WARN_UNREACHABLE_CODE = YES;
				CLANG_WARN__DUPLICATE_METHOD_MATCH = YES;
				"CODE_SIGN_IDENTITY[sdk=iphoneos*]" = "iPhone Developer";
				COPY_PHASE_STRIP = NO;
				DEBUG_INFORMATION_FORMAT = dwarf;
				ENABLE_STRICT_OBJC_MSGSEND = YES;
				ENABLE_TESTABILITY = YES;
				GCC_C_LANGUAGE_STANDARD = gnu99;
				GCC_DYNAMIC_NO_PIC = NO;
				GCC_NO_COMMON_BLOCKS = YES;
				GCC_OPTIMIZATION_LEVEL = 0;
				GCC_PREPROCESSOR_DEFINITIONS = (
					"DEBUG=1",
					"$(inherited)",
				);
				GCC_WARN_64_TO_32_BIT_CONVERSION = YES;
				GCC_WARN_ABOUT_RETURN_TYPE = YES_ERROR;
				GCC_WARN_UNDECLARED_SELECTOR = YES;
				GCC_WARN_UNINITIALIZED_AUTOS = YES_AGGRESSIVE;
				GCC_WARN_UNUSED_FUNCTION = YES;
				GCC_WARN_UNUSED_VARIABLE = YES;
				IPHONEOS_DEPLOYMENT_TARGET = 12.0;
				MTL_ENABLE_DEBUG_INFO = YES;
				ONLY_ACTIVE_ARCH = YES;
				SDKROOT = iphoneos;
				SWIFT_ACTIVE_COMPILATION_CONDITIONS = DEBUG;
				SWIFT_OPTIMIZATION_LEVEL = "-Onone";
				SWIFT_VERSION = 4.2;
			};
			name = Debug;
		};
		D7FF07C81DFF14950079AC04 /* Release */ = {
			isa = XCBuildConfiguration;
			buildSettings = {
				ALWAYS_SEARCH_USER_PATHS = NO;
				CLANG_ANALYZER_NONNULL = YES;
				CLANG_CXX_LANGUAGE_STANDARD = "gnu++0x";
				CLANG_CXX_LIBRARY = "libc++";
				CLANG_ENABLE_MODULES = YES;
				CLANG_ENABLE_OBJC_ARC = YES;
				CLANG_WARN_BLOCK_CAPTURE_AUTORELEASING = YES;
				CLANG_WARN_BOOL_CONVERSION = YES;
				CLANG_WARN_COMMA = YES;
				CLANG_WARN_CONSTANT_CONVERSION = YES;
				CLANG_WARN_DEPRECATED_OBJC_IMPLEMENTATIONS = YES;
				CLANG_WARN_DIRECT_OBJC_ISA_USAGE = YES_ERROR;
				CLANG_WARN_DOCUMENTATION_COMMENTS = YES;
				CLANG_WARN_EMPTY_BODY = YES;
				CLANG_WARN_ENUM_CONVERSION = YES;
				CLANG_WARN_INFINITE_RECURSION = YES;
				CLANG_WARN_INT_CONVERSION = YES;
				CLANG_WARN_NON_LITERAL_NULL_CONVERSION = YES;
				CLANG_WARN_OBJC_IMPLICIT_RETAIN_SELF = YES;
				CLANG_WARN_OBJC_LITERAL_CONVERSION = YES;
				CLANG_WARN_OBJC_ROOT_CLASS = YES_ERROR;
				CLANG_WARN_RANGE_LOOP_ANALYSIS = YES;
				CLANG_WARN_STRICT_PROTOTYPES = YES;
				CLANG_WARN_SUSPICIOUS_MOVE = YES;
				CLANG_WARN_SUSPICIOUS_MOVES = YES;
				CLANG_WARN_UNREACHABLE_CODE = YES;
				CLANG_WARN__DUPLICATE_METHOD_MATCH = YES;
				"CODE_SIGN_IDENTITY[sdk=iphoneos*]" = "iPhone Developer";
				COPY_PHASE_STRIP = NO;
				DEBUG_INFORMATION_FORMAT = "dwarf-with-dsym";
				ENABLE_NS_ASSERTIONS = NO;
				ENABLE_STRICT_OBJC_MSGSEND = YES;
				GCC_C_LANGUAGE_STANDARD = gnu99;
				GCC_NO_COMMON_BLOCKS = YES;
				GCC_WARN_64_TO_32_BIT_CONVERSION = YES;
				GCC_WARN_ABOUT_RETURN_TYPE = YES_ERROR;
				GCC_WARN_UNDECLARED_SELECTOR = YES;
				GCC_WARN_UNINITIALIZED_AUTOS = YES_AGGRESSIVE;
				GCC_WARN_UNUSED_FUNCTION = YES;
				GCC_WARN_UNUSED_VARIABLE = YES;
				IPHONEOS_DEPLOYMENT_TARGET = 12.0;
				MTL_ENABLE_DEBUG_INFO = NO;
				SDKROOT = iphoneos;
				SWIFT_COMPILATION_MODE = wholemodule;
				SWIFT_OPTIMIZATION_LEVEL = "-O";
				SWIFT_VERSION = 4.2;
				VALIDATE_PRODUCT = YES;
			};
			name = Release;
		};
		D7FF07CA1DFF14950079AC04 /* Debug */ = {
			isa = XCBuildConfiguration;
			baseConfigurationReference = 7331BFEE7DBAAB7B2D33397D /* Pods-iOS.debug.xcconfig */;
			buildSettings = {
				ASSETCATALOG_COMPILER_APPICON_NAME = AppIcon;
				DEVELOPMENT_TEAM = "";
				INFOPLIST_FILE = iOS/Info.plist;
				LD_RUNPATH_SEARCH_PATHS = (
					"$(inherited)",
					"@executable_path/Frameworks",
				);
				PRODUCT_BUNDLE_IDENTIFIER = IDP.iOS;
				PRODUCT_NAME = "$(TARGET_NAME)";
			};
			name = Debug;
		};
		D7FF07CB1DFF14950079AC04 /* Release */ = {
			isa = XCBuildConfiguration;
			baseConfigurationReference = 652608F85F75B6B35D3FD689 /* Pods-iOS.release.xcconfig */;
			buildSettings = {
				ASSETCATALOG_COMPILER_APPICON_NAME = AppIcon;
				DEVELOPMENT_TEAM = "";
				INFOPLIST_FILE = iOS/Info.plist;
				LD_RUNPATH_SEARCH_PATHS = (
					"$(inherited)",
					"@executable_path/Frameworks",
				);
				PRODUCT_BUNDLE_IDENTIFIER = IDP.iOS;
				PRODUCT_NAME = "$(TARGET_NAME)";
			};
			name = Release;
		};
		D7FF07CD1DFF14950079AC04 /* Debug */ = {
			isa = XCBuildConfiguration;
			baseConfigurationReference = BACD3C853B482DA88095938E /* Pods-iOSTests.debug.xcconfig */;
			buildSettings = {
				BUNDLE_LOADER = "$(TEST_HOST)";
				CLANG_ENABLE_MODULES = YES;
				DEVELOPMENT_TEAM = "";
				INFOPLIST_FILE = iOSTests/Info.plist;
				LD_RUNPATH_SEARCH_PATHS = (
					"$(inherited)",
					"@executable_path/Frameworks",
					"@loader_path/Frameworks",
				);
				PRODUCT_BUNDLE_IDENTIFIER = IDP.iOSTests;
				PRODUCT_NAME = "$(TARGET_NAME)";
				SWIFT_OPTIMIZATION_LEVEL = "-Onone";
				TEST_HOST = "$(BUILT_PRODUCTS_DIR)/iOS.app/iOS";
			};
			name = Debug;
		};
		D7FF07CE1DFF14950079AC04 /* Release */ = {
			isa = XCBuildConfiguration;
			baseConfigurationReference = 36CF89A4CA713C6D465F28AD /* Pods-iOSTests.release.xcconfig */;
			buildSettings = {
				BUNDLE_LOADER = "$(TEST_HOST)";
				CLANG_ENABLE_MODULES = YES;
				DEVELOPMENT_TEAM = "";
				INFOPLIST_FILE = iOSTests/Info.plist;
				LD_RUNPATH_SEARCH_PATHS = (
					"$(inherited)",
					"@executable_path/Frameworks",
					"@loader_path/Frameworks",
				);
				PRODUCT_BUNDLE_IDENTIFIER = IDP.iOSTests;
				PRODUCT_NAME = "$(TARGET_NAME)";
				TEST_HOST = "$(BUILT_PRODUCTS_DIR)/iOS.app/iOS";
			};
			name = Release;
		};
/* End XCBuildConfiguration section */

/* Begin XCConfigurationList section */
		D7FF07A71DFF14940079AC04 /* Build configuration list for PBXProject "iOS" */ = {
			isa = XCConfigurationList;
			buildConfigurations = (
				D7FF07C71DFF14950079AC04 /* Debug */,
				D7FF07C81DFF14950079AC04 /* Release */,
			);
			defaultConfigurationIsVisible = 0;
			defaultConfigurationName = Release;
		};
		D7FF07C91DFF14950079AC04 /* Build configuration list for PBXNativeTarget "iOS" */ = {
			isa = XCConfigurationList;
			buildConfigurations = (
				D7FF07CA1DFF14950079AC04 /* Debug */,
				D7FF07CB1DFF14950079AC04 /* Release */,
			);
			defaultConfigurationIsVisible = 0;
			defaultConfigurationName = Release;
		};
		D7FF07CC1DFF14950079AC04 /* Build configuration list for PBXNativeTarget "iOSTests" */ = {
			isa = XCConfigurationList;
			buildConfigurations = (
				D7FF07CD1DFF14950079AC04 /* Debug */,
				D7FF07CE1DFF14950079AC04 /* Release */,
			);
			defaultConfigurationIsVisible = 0;
			defaultConfigurationName = Release;
		};
/* End XCConfigurationList section */
	};
	rootObject = D7FF07A41DFF14940079AC04 /* Project object */;
}
